// !$*UTF8*$!
{
	archiveVersion = 1;
	classes = {
	};
	objectVersion = 77;
	objects = {

/* Begin PBXBuildFile section */
		DA0F64512DB42B930058336C /* Taptronome-Watch Watch App.app in Embed Watch Content */ = {isa = PBXBuildFile; fileRef = DA0F64312DB42B920058336C /* Taptronome-Watch Watch App.app */; settings = {ATTRIBUTES = (RemoveHeadersOnCopy, ); }; };
/* End PBXBuildFile section */

/* Begin PBXContainerItemProxy section */
		DA0F64112DB41E3C0058336C /* PBXContainerItemProxy */ = {
			isa = PBXContainerItemProxy;
			containerPortal = DA0F63FB2DB41E3B0058336C /* Project object */;
			proxyType = 1;
			remoteGlobalIDString = DA0F64022DB41E3B0058336C;
			remoteInfo = Taptronome;
		};
		DA0F641B2DB41E3C0058336C /* PBXContainerItemProxy */ = {
			isa = PBXContainerItemProxy;
			containerPortal = DA0F63FB2DB41E3B0058336C /* Project object */;
			proxyType = 1;
			remoteGlobalIDString = DA0F64022DB41E3B0058336C;
			remoteInfo = Taptronome;
		};
		DA0F643E2DB42B930058336C /* PBXContainerItemProxy */ = {
			isa = PBXContainerItemProxy;
			containerPortal = DA0F63FB2DB41E3B0058336C /* Project object */;
			proxyType = 1;
			remoteGlobalIDString = DA0F64302DB42B920058336C;
			remoteInfo = "Taptronome-Watch Watch App";
		};
		DA0F64482DB42B930058336C /* PBXContainerItemProxy */ = {
			isa = PBXContainerItemProxy;
			containerPortal = DA0F63FB2DB41E3B0058336C /* Project object */;
			proxyType = 1;
			remoteGlobalIDString = DA0F64302DB42B920058336C;
			remoteInfo = "Taptronome-Watch Watch App";
		};
		DA0F644F2DB42B930058336C /* PBXContainerItemProxy */ = {
			isa = PBXContainerItemProxy;
			containerPortal = DA0F63FB2DB41E3B0058336C /* Project object */;
			proxyType = 1;
			remoteGlobalIDString = DA0F64302DB42B920058336C;
			remoteInfo = "Taptronome-Watch Watch App";
		};
		DAF7AFC62DB42E3200849C2B /* PBXContainerItemProxy */ = {
			isa = PBXContainerItemProxy;
			containerPortal = DA0F63FB2DB41E3B0058336C /* Project object */;
			proxyType = 1;
			remoteGlobalIDString = DA0F64022DB41E3B0058336C;
			remoteInfo = Taptronome;
		};
/* End PBXContainerItemProxy section */

/* Begin PBXCopyFilesBuildPhase section */
		DA0F64552DB42B930058336C /* Embed Watch Content */ = {
			isa = PBXCopyFilesBuildPhase;
			buildActionMask = 2147483647;
			dstPath = "$(CONTENTS_FOLDER_PATH)/Watch";
			dstSubfolderSpec = 16;
			files = (
				DA0F64512DB42B930058336C /* Taptronome-Watch Watch App.app in Embed Watch Content */,
			);
			name = "Embed Watch Content";
			runOnlyForDeploymentPostprocessing = 0;
		};
/* End PBXCopyFilesBuildPhase section */

/* Begin PBXFileReference section */
		DA0F64032DB41E3B0058336C /* Taptronome.app */ = {isa = PBXFileReference; explicitFileType = wrapper.application; includeInIndex = 0; path = Taptronome.app; sourceTree = BUILT_PRODUCTS_DIR; };
		DA0F64102DB41E3C0058336C /* TaptronomeTests.xctest */ = {isa = PBXFileReference; explicitFileType = wrapper.cfbundle; includeInIndex = 0; path = TaptronomeTests.xctest; sourceTree = BUILT_PRODUCTS_DIR; };
		DA0F641A2DB41E3C0058336C /* TaptronomeUITests.xctest */ = {isa = PBXFileReference; explicitFileType = wrapper.cfbundle; includeInIndex = 0; path = TaptronomeUITests.xctest; sourceTree = BUILT_PRODUCTS_DIR; };
		DA0F64312DB42B920058336C /* Taptronome-Watch Watch App.app */ = {isa = PBXFileReference; explicitFileType = wrapper.application; includeInIndex = 0; path = "Taptronome-Watch Watch App.app"; sourceTree = BUILT_PRODUCTS_DIR; };
		DA0F643D2DB42B930058336C /* Taptronome-Watch Watch AppTests.xctest */ = {isa = PBXFileReference; explicitFileType = wrapper.cfbundle; includeInIndex = 0; path = "Taptronome-Watch Watch AppTests.xctest"; sourceTree = BUILT_PRODUCTS_DIR; };
		DA0F64472DB42B930058336C /* Taptronome-Watch Watch AppUITests.xctest */ = {isa = PBXFileReference; explicitFileType = wrapper.cfbundle; includeInIndex = 0; path = "Taptronome-Watch Watch AppUITests.xctest"; sourceTree = BUILT_PRODUCTS_DIR; };
/* End PBXFileReference section */

/* Begin PBXFileSystemSynchronizedBuildFileExceptionSet section */
		2FA2CD002DB4E6EC0078815A /* Exceptions for "Taptronome" folder in "Taptronome" target */ = {
			isa = PBXFileSystemSynchronizedBuildFileExceptionSet;
			membershipExceptions = (
				Info.plist,
			);
			target = DA0F64022DB41E3B0058336C /* Taptronome */;
		};
		DA542A1D2DB4F1A20014FD68 /* Exceptions for "Taptronome" folder in "Taptronome-Watch Watch AppUITests" target */ = {
			isa = PBXFileSystemSynchronizedBuildFileExceptionSet;
			membershipExceptions = (
				Fonts/Inter.ttf,
			);
			target = DA0F64462DB42B930058336C /* Taptronome-Watch Watch AppUITests */;
		};
		DA9CD7662DB47052002C7382 /* Exceptions for "Taptronome" folder in "TaptronomeTests" target */ = {
			isa = PBXFileSystemSynchronizedBuildFileExceptionSet;
			membershipExceptions = (
				Fonts/Inter.ttf,
				ModelData.swift,
				Views/BeatVisualizer.swift,
			);
			target = DA0F640F2DB41E3C0058336C /* TaptronomeTests */;
		};
		DA9CD7672DB47052002C7382 /* Exceptions for "Taptronome" folder in "TaptronomeUITests" target */ = {
			isa = PBXFileSystemSynchronizedBuildFileExceptionSet;
			membershipExceptions = (
				Fonts/Inter.ttf,
				ModelData.swift,
				Views/BeatVisualizer.swift,
			);
			target = DA0F64192DB41E3C0058336C /* TaptronomeUITests */;
		};
		DA9CD7682DB47052002C7382 /* Exceptions for "Taptronome" folder in "Taptronome-Watch Watch App" target */ = {
			isa = PBXFileSystemSynchronizedBuildFileExceptionSet;
			membershipExceptions = (
				Fonts/Inter.ttf,
				ModelData.swift,
				Views/BeatVisualizer.swift,
			);
			target = DA0F64302DB42B920058336C /* Taptronome-Watch Watch App */;
		};
		DA9CD7692DB47052002C7382 /* Exceptions for "Taptronome" folder in "Taptronome-Watch Watch AppTests" target */ = {
			isa = PBXFileSystemSynchronizedBuildFileExceptionSet;
			membershipExceptions = (
				Fonts/Inter.ttf,
				ModelData.swift,
				Views/BeatVisualizer.swift,
			);
			target = DA0F643C2DB42B930058336C /* Taptronome-Watch Watch AppTests */;
		};
/* End PBXFileSystemSynchronizedBuildFileExceptionSet section */

/* Begin PBXFileSystemSynchronizedRootGroup section */
		DA0F64052DB41E3B0058336C /* Taptronome */ = {
			isa = PBXFileSystemSynchronizedRootGroup;
			exceptions = (
				2FA2CD002DB4E6EC0078815A /* Exceptions for "Taptronome" folder in "Taptronome" target */,
				DA9CD7662DB47052002C7382 /* Exceptions for "Taptronome" folder in "TaptronomeTests" target */,
				DA9CD7672DB47052002C7382 /* Exceptions for "Taptronome" folder in "TaptronomeUITests" target */,
				DA9CD7682DB47052002C7382 /* Exceptions for "Taptronome" folder in "Taptronome-Watch Watch App" target */,
				DA9CD7692DB47052002C7382 /* Exceptions for "Taptronome" folder in "Taptronome-Watch Watch AppTests" target */,
				DA542A1D2DB4F1A20014FD68 /* Exceptions for "Taptronome" folder in "Taptronome-Watch Watch AppUITests" target */,
			);
			path = Taptronome;
			sourceTree = "<group>";
		};
		DA0F64132DB41E3C0058336C /* TaptronomeTests */ = {
			isa = PBXFileSystemSynchronizedRootGroup;
			path = TaptronomeTests;
			sourceTree = "<group>";
		};
		DA0F641D2DB41E3C0058336C /* TaptronomeUITests */ = {
			isa = PBXFileSystemSynchronizedRootGroup;
			path = TaptronomeUITests;
			sourceTree = "<group>";
		};
		DA0F64322DB42B920058336C /* Taptronome-Watch Watch App */ = {
			isa = PBXFileSystemSynchronizedRootGroup;
			path = "Taptronome-Watch Watch App";
			sourceTree = "<group>";
		};
		DA0F64402DB42B930058336C /* Taptronome-Watch Watch AppTests */ = {
			isa = PBXFileSystemSynchronizedRootGroup;
			path = "Taptronome-Watch Watch AppTests";
			sourceTree = "<group>";
		};
		DA0F644A2DB42B930058336C /* Taptronome-Watch Watch AppUITests */ = {
			isa = PBXFileSystemSynchronizedRootGroup;
			path = "Taptronome-Watch Watch AppUITests";
			sourceTree = "<group>";
		};
/* End PBXFileSystemSynchronizedRootGroup section */

/* Begin PBXFrameworksBuildPhase section */
		DA0F64002DB41E3B0058336C /* Frameworks */ = {
			isa = PBXFrameworksBuildPhase;
			buildActionMask = 2147483647;
			files = (
			);
			runOnlyForDeploymentPostprocessing = 0;
		};
		DA0F640D2DB41E3C0058336C /* Frameworks */ = {
			isa = PBXFrameworksBuildPhase;
			buildActionMask = 2147483647;
			files = (
			);
			runOnlyForDeploymentPostprocessing = 0;
		};
		DA0F64172DB41E3C0058336C /* Frameworks */ = {
			isa = PBXFrameworksBuildPhase;
			buildActionMask = 2147483647;
			files = (
			);
			runOnlyForDeploymentPostprocessing = 0;
		};
		DA0F642E2DB42B920058336C /* Frameworks */ = {
			isa = PBXFrameworksBuildPhase;
			buildActionMask = 2147483647;
			files = (
			);
			runOnlyForDeploymentPostprocessing = 0;
		};
		DA0F643A2DB42B930058336C /* Frameworks */ = {
			isa = PBXFrameworksBuildPhase;
			buildActionMask = 2147483647;
			files = (
			);
			runOnlyForDeploymentPostprocessing = 0;
		};
		DA0F64442DB42B930058336C /* Frameworks */ = {
			isa = PBXFrameworksBuildPhase;
			buildActionMask = 2147483647;
			files = (
			);
			runOnlyForDeploymentPostprocessing = 0;
		};
/* End PBXFrameworksBuildPhase section */

/* Begin PBXGroup section */
		DA0F63FA2DB41E3B0058336C = {
			isa = PBXGroup;
			children = (
				DA0F64052DB41E3B0058336C /* Taptronome */,
				DA0F64132DB41E3C0058336C /* TaptronomeTests */,
				DA0F641D2DB41E3C0058336C /* TaptronomeUITests */,
				DA0F64322DB42B920058336C /* Taptronome-Watch Watch App */,
				DA0F64402DB42B930058336C /* Taptronome-Watch Watch AppTests */,
				DA0F644A2DB42B930058336C /* Taptronome-Watch Watch AppUITests */,
				DA0F64042DB41E3B0058336C /* Products */,
			);
			sourceTree = "<group>";
		};
		DA0F64042DB41E3B0058336C /* Products */ = {
			isa = PBXGroup;
			children = (
				DA0F64032DB41E3B0058336C /* Taptronome.app */,
				DA0F64102DB41E3C0058336C /* TaptronomeTests.xctest */,
				DA0F641A2DB41E3C0058336C /* TaptronomeUITests.xctest */,
				DA0F64312DB42B920058336C /* Taptronome-Watch Watch App.app */,
				DA0F643D2DB42B930058336C /* Taptronome-Watch Watch AppTests.xctest */,
				DA0F64472DB42B930058336C /* Taptronome-Watch Watch AppUITests.xctest */,
			);
			name = Products;
			sourceTree = "<group>";
		};
/* End PBXGroup section */

/* Begin PBXNativeTarget section */
		DA0F64022DB41E3B0058336C /* Taptronome */ = {
			isa = PBXNativeTarget;
			buildConfigurationList = DA0F64242DB41E3C0058336C /* Build configuration list for PBXNativeTarget "Taptronome" */;
			buildPhases = (
				DA0F63FF2DB41E3B0058336C /* Sources */,
				DA0F64002DB41E3B0058336C /* Frameworks */,
				DA0F64012DB41E3B0058336C /* Resources */,
				DA0F64552DB42B930058336C /* Embed Watch Content */,
			);
			buildRules = (
			);
			dependencies = (
				DA0F64502DB42B930058336C /* PBXTargetDependency */,
			);
			fileSystemSynchronizedGroups = (
				DA0F64052DB41E3B0058336C /* Taptronome */,
			);
			name = Taptronome;
			packageProductDependencies = (
			);
			productName = Taptronome;
			productReference = DA0F64032DB41E3B0058336C /* Taptronome.app */;
			productType = "com.apple.product-type.application";
		};
		DA0F640F2DB41E3C0058336C /* TaptronomeTests */ = {
			isa = PBXNativeTarget;
			buildConfigurationList = DA0F64272DB41E3C0058336C /* Build configuration list for PBXNativeTarget "TaptronomeTests" */;
			buildPhases = (
				DA0F640C2DB41E3C0058336C /* Sources */,
				DA0F640D2DB41E3C0058336C /* Frameworks */,
				DA0F640E2DB41E3C0058336C /* Resources */,
			);
			buildRules = (
			);
			dependencies = (
				DA0F64122DB41E3C0058336C /* PBXTargetDependency */,
			);
			fileSystemSynchronizedGroups = (
				DA0F64132DB41E3C0058336C /* TaptronomeTests */,
			);
			name = TaptronomeTests;
			packageProductDependencies = (
			);
			productName = TaptronomeTests;
			productReference = DA0F64102DB41E3C0058336C /* TaptronomeTests.xctest */;
			productType = "com.apple.product-type.bundle.unit-test";
		};
		DA0F64192DB41E3C0058336C /* TaptronomeUITests */ = {
			isa = PBXNativeTarget;
			buildConfigurationList = DA0F642A2DB41E3C0058336C /* Build configuration list for PBXNativeTarget "TaptronomeUITests" */;
			buildPhases = (
				DA0F64162DB41E3C0058336C /* Sources */,
				DA0F64172DB41E3C0058336C /* Frameworks */,
				DA0F64182DB41E3C0058336C /* Resources */,
			);
			buildRules = (
			);
			dependencies = (
				DA0F641C2DB41E3C0058336C /* PBXTargetDependency */,
			);
			fileSystemSynchronizedGroups = (
				DA0F641D2DB41E3C0058336C /* TaptronomeUITests */,
			);
			name = TaptronomeUITests;
			packageProductDependencies = (
			);
			productName = TaptronomeUITests;
			productReference = DA0F641A2DB41E3C0058336C /* TaptronomeUITests.xctest */;
			productType = "com.apple.product-type.bundle.ui-testing";
		};
		DA0F64302DB42B920058336C /* Taptronome-Watch Watch App */ = {
			isa = PBXNativeTarget;
			buildConfigurationList = DA0F64522DB42B930058336C /* Build configuration list for PBXNativeTarget "Taptronome-Watch Watch App" */;
			buildPhases = (
				DA0F642D2DB42B920058336C /* Sources */,
				DA0F642E2DB42B920058336C /* Frameworks */,
				DA0F642F2DB42B920058336C /* Resources */,
			);
			buildRules = (
			);
			dependencies = (
			);
			fileSystemSynchronizedGroups = (
				DA0F64322DB42B920058336C /* Taptronome-Watch Watch App */,
			);
			name = "Taptronome-Watch Watch App";
			packageProductDependencies = (
			);
			productName = "Taptronome-Watch Watch App";
			productReference = DA0F64312DB42B920058336C /* Taptronome-Watch Watch App.app */;
			productType = "com.apple.product-type.application";
		};
		DA0F643C2DB42B930058336C /* Taptronome-Watch Watch AppTests */ = {
			isa = PBXNativeTarget;
			buildConfigurationList = DA0F64562DB42B930058336C /* Build configuration list for PBXNativeTarget "Taptronome-Watch Watch AppTests" */;
			buildPhases = (
				DA0F64392DB42B930058336C /* Sources */,
				DA0F643A2DB42B930058336C /* Frameworks */,
				DA0F643B2DB42B930058336C /* Resources */,
			);
			buildRules = (
			);
			dependencies = (
				DA0F643F2DB42B930058336C /* PBXTargetDependency */,
			);
			fileSystemSynchronizedGroups = (
				DA0F64402DB42B930058336C /* Taptronome-Watch Watch AppTests */,
			);
			name = "Taptronome-Watch Watch AppTests";
			packageProductDependencies = (
			);
			productName = "Taptronome-Watch Watch AppTests";
			productReference = DA0F643D2DB42B930058336C /* Taptronome-Watch Watch AppTests.xctest */;
			productType = "com.apple.product-type.bundle.unit-test";
		};
		DA0F64462DB42B930058336C /* Taptronome-Watch Watch AppUITests */ = {
			isa = PBXNativeTarget;
			buildConfigurationList = DA0F64592DB42B930058336C /* Build configuration list for PBXNativeTarget "Taptronome-Watch Watch AppUITests" */;
			buildPhases = (
				DA0F64432DB42B930058336C /* Sources */,
				DA0F64442DB42B930058336C /* Frameworks */,
				DA0F64452DB42B930058336C /* Resources */,
			);
			buildRules = (
			);
			dependencies = (
				DA0F64492DB42B930058336C /* PBXTargetDependency */,
				DAF7AFC72DB42E3200849C2B /* PBXTargetDependency */,
			);
			fileSystemSynchronizedGroups = (
				DA0F644A2DB42B930058336C /* Taptronome-Watch Watch AppUITests */,
			);
			name = "Taptronome-Watch Watch AppUITests";
			packageProductDependencies = (
			);
			productName = "Taptronome-Watch Watch AppUITests";
			productReference = DA0F64472DB42B930058336C /* Taptronome-Watch Watch AppUITests.xctest */;
			productType = "com.apple.product-type.bundle.ui-testing";
		};
/* End PBXNativeTarget section */

/* Begin PBXProject section */
		DA0F63FB2DB41E3B0058336C /* Project object */ = {
			isa = PBXProject;
			attributes = {
				BuildIndependentTargetsInParallel = 1;
				LastSwiftUpdateCheck = 1630;
				LastUpgradeCheck = 1630;
				TargetAttributes = {
					DA0F64022DB41E3B0058336C = {
						CreatedOnToolsVersion = 16.3;
					};
					DA0F640F2DB41E3C0058336C = {
						CreatedOnToolsVersion = 16.3;
						TestTargetID = DA0F64022DB41E3B0058336C;
					};
					DA0F64192DB41E3C0058336C = {
						CreatedOnToolsVersion = 16.3;
						TestTargetID = DA0F64022DB41E3B0058336C;
					};
					DA0F64302DB42B920058336C = {
						CreatedOnToolsVersion = 16.3;
					};
					DA0F643C2DB42B930058336C = {
						CreatedOnToolsVersion = 16.3;
						TestTargetID = DA0F64302DB42B920058336C;
					};
					DA0F64462DB42B930058336C = {
						CreatedOnToolsVersion = 16.3;
						TestTargetID = DA0F64302DB42B920058336C;
					};
				};
			};
			buildConfigurationList = DA0F63FE2DB41E3B0058336C /* Build configuration list for PBXProject "Taptronome" */;
			developmentRegion = en;
			hasScannedForEncodings = 0;
			knownRegions = (
				en,
				Base,
			);
			mainGroup = DA0F63FA2DB41E3B0058336C;
			minimizedProjectReferenceProxies = 1;
			preferredProjectObjectVersion = 77;
			productRefGroup = DA0F64042DB41E3B0058336C /* Products */;
			projectDirPath = "";
			projectRoot = "";
			targets = (
				DA0F64022DB41E3B0058336C /* Taptronome */,
				DA0F640F2DB41E3C0058336C /* TaptronomeTests */,
				DA0F64192DB41E3C0058336C /* TaptronomeUITests */,
				DA0F64302DB42B920058336C /* Taptronome-Watch Watch App */,
				DA0F643C2DB42B930058336C /* Taptronome-Watch Watch AppTests */,
				DA0F64462DB42B930058336C /* Taptronome-Watch Watch AppUITests */,
			);
		};
/* End PBXProject section */

/* Begin PBXResourcesBuildPhase section */
		DA0F64012DB41E3B0058336C /* Resources */ = {
			isa = PBXResourcesBuildPhase;
			buildActionMask = 2147483647;
			files = (
			);
			runOnlyForDeploymentPostprocessing = 0;
		};
		DA0F640E2DB41E3C0058336C /* Resources */ = {
			isa = PBXResourcesBuildPhase;
			buildActionMask = 2147483647;
			files = (
			);
			runOnlyForDeploymentPostprocessing = 0;
		};
		DA0F64182DB41E3C0058336C /* Resources */ = {
			isa = PBXResourcesBuildPhase;
			buildActionMask = 2147483647;
			files = (
			);
			runOnlyForDeploymentPostprocessing = 0;
		};
		DA0F642F2DB42B920058336C /* Resources */ = {
			isa = PBXResourcesBuildPhase;
			buildActionMask = 2147483647;
			files = (
			);
			runOnlyForDeploymentPostprocessing = 0;
		};
		DA0F643B2DB42B930058336C /* Resources */ = {
			isa = PBXResourcesBuildPhase;
			buildActionMask = 2147483647;
			files = (
			);
			runOnlyForDeploymentPostprocessing = 0;
		};
		DA0F64452DB42B930058336C /* Resources */ = {
			isa = PBXResourcesBuildPhase;
			buildActionMask = 2147483647;
			files = (
			);
			runOnlyForDeploymentPostprocessing = 0;
		};
/* End PBXResourcesBuildPhase section */

/* Begin PBXSourcesBuildPhase section */
		DA0F63FF2DB41E3B0058336C /* Sources */ = {
			isa = PBXSourcesBuildPhase;
			buildActionMask = 2147483647;
			files = (
			);
			runOnlyForDeploymentPostprocessing = 0;
		};
		DA0F640C2DB41E3C0058336C /* Sources */ = {
			isa = PBXSourcesBuildPhase;
			buildActionMask = 2147483647;
			files = (
			);
			runOnlyForDeploymentPostprocessing = 0;
		};
		DA0F64162DB41E3C0058336C /* Sources */ = {
			isa = PBXSourcesBuildPhase;
			buildActionMask = 2147483647;
			files = (
			);
			runOnlyForDeploymentPostprocessing = 0;
		};
		DA0F642D2DB42B920058336C /* Sources */ = {
			isa = PBXSourcesBuildPhase;
			buildActionMask = 2147483647;
			files = (
			);
			runOnlyForDeploymentPostprocessing = 0;
		};
		DA0F64392DB42B930058336C /* Sources */ = {
			isa = PBXSourcesBuildPhase;
			buildActionMask = 2147483647;
			files = (
			);
			runOnlyForDeploymentPostprocessing = 0;
		};
		DA0F64432DB42B930058336C /* Sources */ = {
			isa = PBXSourcesBuildPhase;
			buildActionMask = 2147483647;
			files = (
			);
			runOnlyForDeploymentPostprocessing = 0;
		};
/* End PBXSourcesBuildPhase section */

/* Begin PBXTargetDependency section */
		DA0F64122DB41E3C0058336C /* PBXTargetDependency */ = {
			isa = PBXTargetDependency;
			target = DA0F64022DB41E3B0058336C /* Taptronome */;
			targetProxy = DA0F64112DB41E3C0058336C /* PBXContainerItemProxy */;
		};
		DA0F641C2DB41E3C0058336C /* PBXTargetDependency */ = {
			isa = PBXTargetDependency;
			target = DA0F64022DB41E3B0058336C /* Taptronome */;
			targetProxy = DA0F641B2DB41E3C0058336C /* PBXContainerItemProxy */;
		};
		DA0F643F2DB42B930058336C /* PBXTargetDependency */ = {
			isa = PBXTargetDependency;
			target = DA0F64302DB42B920058336C /* Taptronome-Watch Watch App */;
			targetProxy = DA0F643E2DB42B930058336C /* PBXContainerItemProxy */;
		};
		DA0F64492DB42B930058336C /* PBXTargetDependency */ = {
			isa = PBXTargetDependency;
			target = DA0F64302DB42B920058336C /* Taptronome-Watch Watch App */;
			targetProxy = DA0F64482DB42B930058336C /* PBXContainerItemProxy */;
		};
		DA0F64502DB42B930058336C /* PBXTargetDependency */ = {
			isa = PBXTargetDependency;
			target = DA0F64302DB42B920058336C /* Taptronome-Watch Watch App */;
			targetProxy = DA0F644F2DB42B930058336C /* PBXContainerItemProxy */;
		};
		DAF7AFC72DB42E3200849C2B /* PBXTargetDependency */ = {
			isa = PBXTargetDependency;
			target = DA0F64022DB41E3B0058336C /* Taptronome */;
			targetProxy = DAF7AFC62DB42E3200849C2B /* PBXContainerItemProxy */;
		};
/* End PBXTargetDependency section */

/* Begin XCBuildConfiguration section */
		DA0F64222DB41E3C0058336C /* Debug */ = {
			isa = XCBuildConfiguration;
			buildSettings = {
				ALWAYS_SEARCH_USER_PATHS = NO;
				ASSETCATALOG_COMPILER_GENERATE_SWIFT_ASSET_SYMBOL_EXTENSIONS = YES;
				CLANG_ANALYZER_NONNULL = YES;
				CLANG_ANALYZER_NUMBER_OBJECT_CONVERSION = YES_AGGRESSIVE;
				CLANG_CXX_LANGUAGE_STANDARD = "gnu++20";
				CLANG_ENABLE_MODULES = YES;
				CLANG_ENABLE_OBJC_ARC = YES;
				CLANG_ENABLE_OBJC_WEAK = YES;
				CLANG_WARN_BLOCK_CAPTURE_AUTORELEASING = YES;
				CLANG_WARN_BOOL_CONVERSION = YES;
				CLANG_WARN_COMMA = YES;
				CLANG_WARN_CONSTANT_CONVERSION = YES;
				CLANG_WARN_DEPRECATED_OBJC_IMPLEMENTATIONS = YES;
				CLANG_WARN_DIRECT_OBJC_ISA_USAGE = YES_ERROR;
				CLANG_WARN_DOCUMENTATION_COMMENTS = YES;
				CLANG_WARN_EMPTY_BODY = YES;
				CLANG_WARN_ENUM_CONVERSION = YES;
				CLANG_WARN_INFINITE_RECURSION = YES;
				CLANG_WARN_INT_CONVERSION = YES;
				CLANG_WARN_NON_LITERAL_NULL_CONVERSION = YES;
				CLANG_WARN_OBJC_IMPLICIT_RETAIN_SELF = YES;
				CLANG_WARN_OBJC_LITERAL_CONVERSION = YES;
				CLANG_WARN_OBJC_ROOT_CLASS = YES_ERROR;
				CLANG_WARN_QUOTED_INCLUDE_IN_FRAMEWORK_HEADER = YES;
				CLANG_WARN_RANGE_LOOP_ANALYSIS = YES;
				CLANG_WARN_STRICT_PROTOTYPES = YES;
				CLANG_WARN_SUSPICIOUS_MOVE = YES;
				CLANG_WARN_UNGUARDED_AVAILABILITY = YES_AGGRESSIVE;
				CLANG_WARN_UNREACHABLE_CODE = YES;
				CLANG_WARN__DUPLICATE_METHOD_MATCH = YES;
				COPY_PHASE_STRIP = NO;
				DEBUG_INFORMATION_FORMAT = dwarf;
				DEVELOPMENT_TEAM = 6VFC3TJKTC;
				ENABLE_STRICT_OBJC_MSGSEND = YES;
				ENABLE_TESTABILITY = YES;
				ENABLE_USER_SCRIPT_SANDBOXING = YES;
				GCC_C_LANGUAGE_STANDARD = gnu17;
				GCC_DYNAMIC_NO_PIC = NO;
				GCC_NO_COMMON_BLOCKS = YES;
				GCC_OPTIMIZATION_LEVEL = 0;
				GCC_PREPROCESSOR_DEFINITIONS = (
					"DEBUG=1",
					"$(inherited)",
				);
				GCC_WARN_64_TO_32_BIT_CONVERSION = YES;
				GCC_WARN_ABOUT_RETURN_TYPE = YES_ERROR;
				GCC_WARN_UNDECLARED_SELECTOR = YES;
				GCC_WARN_UNINITIALIZED_AUTOS = YES_AGGRESSIVE;
				GCC_WARN_UNUSED_FUNCTION = YES;
				GCC_WARN_UNUSED_VARIABLE = YES;
				IPHONEOS_DEPLOYMENT_TARGET = 18.4;
				LOCALIZATION_PREFERS_STRING_CATALOGS = YES;
				MTL_ENABLE_DEBUG_INFO = INCLUDE_SOURCE;
				MTL_FAST_MATH = YES;
				ONLY_ACTIVE_ARCH = YES;
				SDKROOT = iphoneos;
				SWIFT_ACTIVE_COMPILATION_CONDITIONS = "DEBUG $(inherited)";
				SWIFT_OPTIMIZATION_LEVEL = "-Onone";
			};
			name = Debug;
		};
		DA0F64232DB41E3C0058336C /* Release */ = {
			isa = XCBuildConfiguration;
			buildSettings = {
				ALWAYS_SEARCH_USER_PATHS = NO;
				ASSETCATALOG_COMPILER_GENERATE_SWIFT_ASSET_SYMBOL_EXTENSIONS = YES;
				CLANG_ANALYZER_NONNULL = YES;
				CLANG_ANALYZER_NUMBER_OBJECT_CONVERSION = YES_AGGRESSIVE;
				CLANG_CXX_LANGUAGE_STANDARD = "gnu++20";
				CLANG_ENABLE_MODULES = YES;
				CLANG_ENABLE_OBJC_ARC = YES;
				CLANG_ENABLE_OBJC_WEAK = YES;
				CLANG_WARN_BLOCK_CAPTURE_AUTORELEASING = YES;
				CLANG_WARN_BOOL_CONVERSION = YES;
				CLANG_WARN_COMMA = YES;
				CLANG_WARN_CONSTANT_CONVERSION = YES;
				CLANG_WARN_DEPRECATED_OBJC_IMPLEMENTATIONS = YES;
				CLANG_WARN_DIRECT_OBJC_ISA_USAGE = YES_ERROR;
				CLANG_WARN_DOCUMENTATION_COMMENTS = YES;
				CLANG_WARN_EMPTY_BODY = YES;
				CLANG_WARN_ENUM_CONVERSION = YES;
				CLANG_WARN_INFINITE_RECURSION = YES;
				CLANG_WARN_INT_CONVERSION = YES;
				CLANG_WARN_NON_LITERAL_NULL_CONVERSION = YES;
				CLANG_WARN_OBJC_IMPLICIT_RETAIN_SELF = YES;
				CLANG_WARN_OBJC_LITERAL_CONVERSION = YES;
				CLANG_WARN_OBJC_ROOT_CLASS = YES_ERROR;
				CLANG_WARN_QUOTED_INCLUDE_IN_FRAMEWORK_HEADER = YES;
				CLANG_WARN_RANGE_LOOP_ANALYSIS = YES;
				CLANG_WARN_STRICT_PROTOTYPES = YES;
				CLANG_WARN_SUSPICIOUS_MOVE = YES;
				CLANG_WARN_UNGUARDED_AVAILABILITY = YES_AGGRESSIVE;
				CLANG_WARN_UNREACHABLE_CODE = YES;
				CLANG_WARN__DUPLICATE_METHOD_MATCH = YES;
				COPY_PHASE_STRIP = NO;
				DEBUG_INFORMATION_FORMAT = "dwarf-with-dsym";
				DEVELOPMENT_TEAM = 6VFC3TJKTC;
				ENABLE_NS_ASSERTIONS = NO;
				ENABLE_STRICT_OBJC_MSGSEND = YES;
				ENABLE_USER_SCRIPT_SANDBOXING = YES;
				GCC_C_LANGUAGE_STANDARD = gnu17;
				GCC_NO_COMMON_BLOCKS = YES;
				GCC_WARN_64_TO_32_BIT_CONVERSION = YES;
				GCC_WARN_ABOUT_RETURN_TYPE = YES_ERROR;
				GCC_WARN_UNDECLARED_SELECTOR = YES;
				GCC_WARN_UNINITIALIZED_AUTOS = YES_AGGRESSIVE;
				GCC_WARN_UNUSED_FUNCTION = YES;
				GCC_WARN_UNUSED_VARIABLE = YES;
				IPHONEOS_DEPLOYMENT_TARGET = 18.4;
				LOCALIZATION_PREFERS_STRING_CATALOGS = YES;
				MTL_ENABLE_DEBUG_INFO = NO;
				MTL_FAST_MATH = YES;
				SDKROOT = iphoneos;
				SWIFT_COMPILATION_MODE = wholemodule;
				VALIDATE_PRODUCT = YES;
			};
			name = Release;
		};
		DA0F64252DB41E3C0058336C /* Debug */ = {
			isa = XCBuildConfiguration;
			buildSettings = {
				ASSETCATALOG_COMPILER_APPICON_NAME = AppIcon;
				ASSETCATALOG_COMPILER_GLOBAL_ACCENT_COLOR_NAME = AccentColor;
				CODE_SIGN_STYLE = Automatic;
				CURRENT_PROJECT_VERSION = 1;
				DEVELOPMENT_ASSET_PATHS = "";
				DEVELOPMENT_TEAM = 6VFC3TJKTC;
				ENABLE_PREVIEWS = YES;
				GENERATE_INFOPLIST_FILE = YES;
				INFOPLIST_FILE = Taptronome/Info.plist;
				INFOPLIST_KEY_CFBundleDisplayName = Resonance;
				INFOPLIST_KEY_UIApplicationSceneManifest_Generation = YES;
				INFOPLIST_KEY_UIApplicationSupportsIndirectInputEvents = YES;
				INFOPLIST_KEY_UILaunchScreen_Generation = YES;
				INFOPLIST_KEY_UISupportedInterfaceOrientations_iPad = "UIInterfaceOrientationPortrait UIInterfaceOrientationPortraitUpsideDown UIInterfaceOrientationLandscapeLeft UIInterfaceOrientationLandscapeRight";
				INFOPLIST_KEY_UISupportedInterfaceOrientations_iPhone = "UIInterfaceOrientationPortrait UIInterfaceOrientationLandscapeLeft UIInterfaceOrientationLandscapeRight";
				IPHONEOS_DEPLOYMENT_TARGET = 18.0;
				LD_RUNPATH_SEARCH_PATHS = (
					"$(inherited)",
					"@executable_path/Frameworks",
				);
				MARKETING_VERSION = 1.0;
				PRODUCT_BUNDLE_IDENTIFIER = com.hackdavis.Taptronome;
				PRODUCT_NAME = "$(TARGET_NAME)";
				SWIFT_EMIT_LOC_STRINGS = YES;
				SWIFT_VERSION = 5.0;
				TARGETED_DEVICE_FAMILY = "1,2";
			};
			name = Debug;
		};
		DA0F64262DB41E3C0058336C /* Release */ = {
			isa = XCBuildConfiguration;
			buildSettings = {
				ASSETCATALOG_COMPILER_APPICON_NAME = AppIcon;
				ASSETCATALOG_COMPILER_GLOBAL_ACCENT_COLOR_NAME = AccentColor;
				CODE_SIGN_STYLE = Automatic;
				CURRENT_PROJECT_VERSION = 1;
				DEVELOPMENT_ASSET_PATHS = "";
				DEVELOPMENT_TEAM = 6VFC3TJKTC;
				ENABLE_PREVIEWS = YES;
				GENERATE_INFOPLIST_FILE = YES;
				INFOPLIST_FILE = Taptronome/Info.plist;
				INFOPLIST_KEY_CFBundleDisplayName = Resonance;
				INFOPLIST_KEY_UIApplicationSceneManifest_Generation = YES;
				INFOPLIST_KEY_UIApplicationSupportsIndirectInputEvents = YES;
				INFOPLIST_KEY_UILaunchScreen_Generation = YES;
				INFOPLIST_KEY_UISupportedInterfaceOrientations_iPad = "UIInterfaceOrientationPortrait UIInterfaceOrientationPortraitUpsideDown UIInterfaceOrientationLandscapeLeft UIInterfaceOrientationLandscapeRight";
				INFOPLIST_KEY_UISupportedInterfaceOrientations_iPhone = "UIInterfaceOrientationPortrait UIInterfaceOrientationLandscapeLeft UIInterfaceOrientationLandscapeRight";
				IPHONEOS_DEPLOYMENT_TARGET = 18.0;
				LD_RUNPATH_SEARCH_PATHS = (
					"$(inherited)",
					"@executable_path/Frameworks",
				);
				MARKETING_VERSION = 1.0;
				PRODUCT_BUNDLE_IDENTIFIER = com.hackdavis.Taptronome;
				PRODUCT_NAME = "$(TARGET_NAME)";
				SWIFT_EMIT_LOC_STRINGS = YES;
				SWIFT_VERSION = 5.0;
				TARGETED_DEVICE_FAMILY = "1,2";
			};
			name = Release;
		};
		DA0F64282DB41E3C0058336C /* Debug */ = {
			isa = XCBuildConfiguration;
			buildSettings = {
				BUNDLE_LOADER = "$(TEST_HOST)";
				CODE_SIGN_STYLE = Automatic;
				CURRENT_PROJECT_VERSION = 1;
				DEVELOPMENT_TEAM = 6VFC3TJKTC;
				GENERATE_INFOPLIST_FILE = YES;
				IPHONEOS_DEPLOYMENT_TARGET = 18.4;
				MARKETING_VERSION = 1.0;
				PRODUCT_BUNDLE_IDENTIFIER = com.hackdavis.TaptronomeTests;
				PRODUCT_NAME = "$(TARGET_NAME)";
				SWIFT_EMIT_LOC_STRINGS = NO;
				SWIFT_VERSION = 5.0;
				TARGETED_DEVICE_FAMILY = "1,2";
				TEST_HOST = "$(BUILT_PRODUCTS_DIR)/Taptronome.app/$(BUNDLE_EXECUTABLE_FOLDER_PATH)/Taptronome";
			};
			name = Debug;
		};
		DA0F64292DB41E3C0058336C /* Release */ = {
			isa = XCBuildConfiguration;
			buildSettings = {
				BUNDLE_LOADER = "$(TEST_HOST)";
				CODE_SIGN_STYLE = Automatic;
				CURRENT_PROJECT_VERSION = 1;
				DEVELOPMENT_TEAM = 6VFC3TJKTC;
				GENERATE_INFOPLIST_FILE = YES;
				IPHONEOS_DEPLOYMENT_TARGET = 18.4;
				MARKETING_VERSION = 1.0;
				PRODUCT_BUNDLE_IDENTIFIER = com.hackdavis.TaptronomeTests;
				PRODUCT_NAME = "$(TARGET_NAME)";
				SWIFT_EMIT_LOC_STRINGS = NO;
				SWIFT_VERSION = 5.0;
				TARGETED_DEVICE_FAMILY = "1,2";
				TEST_HOST = "$(BUILT_PRODUCTS_DIR)/Taptronome.app/$(BUNDLE_EXECUTABLE_FOLDER_PATH)/Taptronome";
			};
			name = Release;
		};
		DA0F642B2DB41E3C0058336C /* Debug */ = {
			isa = XCBuildConfiguration;
			buildSettings = {
				CODE_SIGN_STYLE = Automatic;
				CURRENT_PROJECT_VERSION = 1;
				DEVELOPMENT_TEAM = 6VFC3TJKTC;
				GENERATE_INFOPLIST_FILE = YES;
				IPHONEOS_DEPLOYMENT_TARGET = 18.4;
				MARKETING_VERSION = 1.0;
				PRODUCT_BUNDLE_IDENTIFIER = com.hackdavis.TaptronomeUITests;
				PRODUCT_NAME = "$(TARGET_NAME)";
				SWIFT_EMIT_LOC_STRINGS = NO;
				SWIFT_VERSION = 5.0;
				TARGETED_DEVICE_FAMILY = "1,2";
				TEST_TARGET_NAME = Taptronome;
			};
			name = Debug;
		};
		DA0F642C2DB41E3C0058336C /* Release */ = {
			isa = XCBuildConfiguration;
			buildSettings = {
				CODE_SIGN_STYLE = Automatic;
				CURRENT_PROJECT_VERSION = 1;
				DEVELOPMENT_TEAM = 6VFC3TJKTC;
				GENERATE_INFOPLIST_FILE = YES;
				IPHONEOS_DEPLOYMENT_TARGET = 18.4;
				MARKETING_VERSION = 1.0;
				PRODUCT_BUNDLE_IDENTIFIER = com.hackdavis.TaptronomeUITests;
				PRODUCT_NAME = "$(TARGET_NAME)";
				SWIFT_EMIT_LOC_STRINGS = NO;
				SWIFT_VERSION = 5.0;
				TARGETED_DEVICE_FAMILY = "1,2";
				TEST_TARGET_NAME = Taptronome;
			};
			name = Release;
		};
		DA0F64532DB42B930058336C /* Debug */ = {
			isa = XCBuildConfiguration;
			buildSettings = {
				ASSETCATALOG_COMPILER_APPICON_NAME = AppIcon;
				ASSETCATALOG_COMPILER_GLOBAL_ACCENT_COLOR_NAME = AccentColor;
				CODE_SIGN_STYLE = Automatic;
				CURRENT_PROJECT_VERSION = 1;
				DEVELOPMENT_TEAM = 6VFC3TJKTC;
				ENABLE_PREVIEWS = YES;
				GENERATE_INFOPLIST_FILE = YES;
				INFOPLIST_KEY_CFBundleDisplayName = Resonance;
				INFOPLIST_KEY_UISupportedInterfaceOrientations = "UIInterfaceOrientationPortrait UIInterfaceOrientationPortraitUpsideDown";
				INFOPLIST_KEY_WKCompanionAppBundleIdentifier = com.hackdavis.Taptronome;
				INFOPLIST_KEY_WKSupportsLiveActivityLaunchAttributeTypes = "\"\"";
				LD_RUNPATH_SEARCH_PATHS = (
					"$(inherited)",
					"@executable_path/Frameworks",
				);
				MARKETING_VERSION = 1.0;
				PRODUCT_BUNDLE_IDENTIFIER = com.hackdavis.Taptronome.watchkitapp;
				PRODUCT_NAME = "$(TARGET_NAME)";
				SDKROOT = watchos;
				SKIP_INSTALL = YES;
				SWIFT_EMIT_LOC_STRINGS = YES;
				SWIFT_VERSION = 5.0;
				TARGETED_DEVICE_FAMILY = 4;
				WATCHOS_DEPLOYMENT_TARGET = 11.0;
			};
			name = Debug;
		};
		DA0F64542DB42B930058336C /* Release */ = {
			isa = XCBuildConfiguration;
			buildSettings = {
				ASSETCATALOG_COMPILER_APPICON_NAME = AppIcon;
				ASSETCATALOG_COMPILER_GLOBAL_ACCENT_COLOR_NAME = AccentColor;
				CODE_SIGN_STYLE = Automatic;
				CURRENT_PROJECT_VERSION = 1;
				DEVELOPMENT_TEAM = 6VFC3TJKTC;
				ENABLE_PREVIEWS = YES;
				GENERATE_INFOPLIST_FILE = YES;
				INFOPLIST_KEY_CFBundleDisplayName = Resonance;
				INFOPLIST_KEY_UISupportedInterfaceOrientations = "UIInterfaceOrientationPortrait UIInterfaceOrientationPortraitUpsideDown";
				INFOPLIST_KEY_WKCompanionAppBundleIdentifier = com.hackdavis.Taptronome;
				INFOPLIST_KEY_WKSupportsLiveActivityLaunchAttributeTypes = "\"\"";
				LD_RUNPATH_SEARCH_PATHS = (
					"$(inherited)",
					"@executable_path/Frameworks",
				);
				MARKETING_VERSION = 1.0;
				PRODUCT_BUNDLE_IDENTIFIER = com.hackdavis.Taptronome.watchkitapp;
				PRODUCT_NAME = "$(TARGET_NAME)";
				SDKROOT = watchos;
				SKIP_INSTALL = YES;
				SWIFT_EMIT_LOC_STRINGS = YES;
				SWIFT_VERSION = 5.0;
				TARGETED_DEVICE_FAMILY = 4;
				WATCHOS_DEPLOYMENT_TARGET = 11.0;
			};
			name = Release;
		};
		DA0F64572DB42B930058336C /* Debug */ = {
			isa = XCBuildConfiguration;
			buildSettings = {
				BUNDLE_LOADER = "$(TEST_HOST)";
				CODE_SIGN_STYLE = Automatic;
				CURRENT_PROJECT_VERSION = 1;
				DEVELOPMENT_TEAM = 6VFC3TJKTC;
				GENERATE_INFOPLIST_FILE = YES;
				MARKETING_VERSION = 1.0;
				PRODUCT_BUNDLE_IDENTIFIER = "com.hackdavis.Taptronome-Watch-Watch-AppTests";
				PRODUCT_NAME = "$(TARGET_NAME)";
				SDKROOT = watchos;
				SWIFT_EMIT_LOC_STRINGS = NO;
				SWIFT_VERSION = 5.0;
				TARGETED_DEVICE_FAMILY = 4;
				TEST_HOST = "$(BUILT_PRODUCTS_DIR)/Taptronome-Watch Watch App.app/$(BUNDLE_EXECUTABLE_FOLDER_PATH)/Taptronome-Watch Watch App";
				WATCHOS_DEPLOYMENT_TARGET = 11.0;
			};
			name = Debug;
		};
		DA0F64582DB42B930058336C /* Release */ = {
			isa = XCBuildConfiguration;
			buildSettings = {
				BUNDLE_LOADER = "$(TEST_HOST)";
				CODE_SIGN_STYLE = Automatic;
				CURRENT_PROJECT_VERSION = 1;
				DEVELOPMENT_TEAM = 6VFC3TJKTC;
				GENERATE_INFOPLIST_FILE = YES;
				MARKETING_VERSION = 1.0;
				PRODUCT_BUNDLE_IDENTIFIER = "com.hackdavis.Taptronome-Watch-Watch-AppTests";
				PRODUCT_NAME = "$(TARGET_NAME)";
				SDKROOT = watchos;
				SWIFT_EMIT_LOC_STRINGS = NO;
				SWIFT_VERSION = 5.0;
				TARGETED_DEVICE_FAMILY = 4;
				TEST_HOST = "$(BUILT_PRODUCTS_DIR)/Taptronome-Watch Watch App.app/$(BUNDLE_EXECUTABLE_FOLDER_PATH)/Taptronome-Watch Watch App";
				WATCHOS_DEPLOYMENT_TARGET = 11.0;
			};
			name = Release;
		};
		DA0F645A2DB42B930058336C /* Debug */ = {
			isa = XCBuildConfiguration;
			buildSettings = {
				CODE_SIGN_STYLE = Automatic;
				CURRENT_PROJECT_VERSION = 1;
				DEVELOPMENT_TEAM = 6VFC3TJKTC;
				GENERATE_INFOPLIST_FILE = YES;
				MARKETING_VERSION = 1.0;
				PRODUCT_BUNDLE_IDENTIFIER = "com.hackdavis.Taptronome-Watch-Watch-AppUITests";
				PRODUCT_NAME = "$(TARGET_NAME)";
				SDKROOT = watchos;
				SWIFT_EMIT_LOC_STRINGS = NO;
				SWIFT_VERSION = 5.0;
				TARGETED_DEVICE_FAMILY = 4;
				TEST_TARGET_NAME = "Taptronome-Watch Watch App";
				WATCHOS_DEPLOYMENT_TARGET = 11.4;
			};
			name = Debug;
		};
		DA0F645B2DB42B930058336C /* Release */ = {
			isa = XCBuildConfiguration;
			buildSettings = {
				CODE_SIGN_STYLE = Automatic;
				CURRENT_PROJECT_VERSION = 1;
				DEVELOPMENT_TEAM = 6VFC3TJKTC;
				GENERATE_INFOPLIST_FILE = YES;
				MARKETING_VERSION = 1.0;
				PRODUCT_BUNDLE_IDENTIFIER = "com.hackdavis.Taptronome-Watch-Watch-AppUITests";
				PRODUCT_NAME = "$(TARGET_NAME)";
				SDKROOT = watchos;
				SWIFT_EMIT_LOC_STRINGS = NO;
				SWIFT_VERSION = 5.0;
				TARGETED_DEVICE_FAMILY = 4;
				TEST_TARGET_NAME = "Taptronome-Watch Watch App";
				WATCHOS_DEPLOYMENT_TARGET = 11.4;
			};
			name = Release;
		};
/* End XCBuildConfiguration section */

/* Begin XCConfigurationList section */
		DA0F63FE2DB41E3B0058336C /* Build configuration list for PBXProject "Taptronome" */ = {
			isa = XCConfigurationList;
			buildConfigurations = (
				DA0F64222DB41E3C0058336C /* Debug */,
				DA0F64232DB41E3C0058336C /* Release */,
			);
			defaultConfigurationIsVisible = 0;
			defaultConfigurationName = Release;
		};
		DA0F64242DB41E3C0058336C /* Build configuration list for PBXNativeTarget "Taptronome" */ = {
			isa = XCConfigurationList;
			buildConfigurations = (
				DA0F64252DB41E3C0058336C /* Debug */,
				DA0F64262DB41E3C0058336C /* Release */,
			);
			defaultConfigurationIsVisible = 0;
			defaultConfigurationName = Release;
		};
		DA0F64272DB41E3C0058336C /* Build configuration list for PBXNativeTarget "TaptronomeTests" */ = {
			isa = XCConfigurationList;
			buildConfigurations = (
				DA0F64282DB41E3C0058336C /* Debug */,
				DA0F64292DB41E3C0058336C /* Release */,
			);
			defaultConfigurationIsVisible = 0;
			defaultConfigurationName = Release;
		};
		DA0F642A2DB41E3C0058336C /* Build configuration list for PBXNativeTarget "TaptronomeUITests" */ = {
			isa = XCConfigurationList;
			buildConfigurations = (
				DA0F642B2DB41E3C0058336C /* Debug */,
				DA0F642C2DB41E3C0058336C /* Release */,
			);
			defaultConfigurationIsVisible = 0;
			defaultConfigurationName = Release;
		};
		DA0F64522DB42B930058336C /* Build configuration list for PBXNativeTarget "Taptronome-Watch Watch App" */ = {
			isa = XCConfigurationList;
			buildConfigurations = (
				DA0F64532DB42B930058336C /* Debug */,
				DA0F64542DB42B930058336C /* Release */,
			);
			defaultConfigurationIsVisible = 0;
			defaultConfigurationName = Release;
		};
		DA0F64562DB42B930058336C /* Build configuration list for PBXNativeTarget "Taptronome-Watch Watch AppTests" */ = {
			isa = XCConfigurationList;
			buildConfigurations = (
				DA0F64572DB42B930058336C /* Debug */,
				DA0F64582DB42B930058336C /* Release */,
			);
			defaultConfigurationIsVisible = 0;
			defaultConfigurationName = Release;
		};
		DA0F64592DB42B930058336C /* Build configuration list for PBXNativeTarget "Taptronome-Watch Watch AppUITests" */ = {
			isa = XCConfigurationList;
			buildConfigurations = (
				DA0F645A2DB42B930058336C /* Debug */,
				DA0F645B2DB42B930058336C /* Release */,
			);
			defaultConfigurationIsVisible = 0;
			defaultConfigurationName = Release;
		};
/* End XCConfigurationList section */
	};
	rootObject = DA0F63FB2DB41E3B0058336C /* Project object */;
}
